// !$*UTF8*$!
{
	archiveVersion = 1;
	classes = {
	};
	objectVersion = 48;
	objects = {

/* Begin PBXBuildFile section */
		3175C7C12128057500FADB45 /* AppDelegate.swift in Sources */ = {isa = PBXBuildFile; fileRef = 3175C7C02128057500FADB45 /* AppDelegate.swift */; };
		3175C7C32128057500FADB45 /* ViewController.swift in Sources */ = {isa = PBXBuildFile; fileRef = 3175C7C22128057500FADB45 /* ViewController.swift */; };
		3175C7C62128057500FADB45 /* Main.storyboard in Resources */ = {isa = PBXBuildFile; fileRef = 3175C7C42128057500FADB45 /* Main.storyboard */; };
		3175C7C82128057500FADB45 /* Assets.xcassets in Resources */ = {isa = PBXBuildFile; fileRef = 3175C7C72128057500FADB45 /* Assets.xcassets */; };
		3175C7CB2128057500FADB45 /* LaunchScreen.storyboard in Resources */ = {isa = PBXBuildFile; fileRef = 3175C7C92128057500FADB45 /* LaunchScreen.storyboard */; };
		3175C7D3212805AF00FADB45 /* ViewControllerBigPhoto.swift in Sources */ = {isa = PBXBuildFile; fileRef = 3175C7D2212805AF00FADB45 /* ViewControllerBigPhoto.swift */; };
		3175C7D521281D1E00FADB45 /* photo1.png in Resources */ = {isa = PBXBuildFile; fileRef = 3175C7D421281D1D00FADB45 /* photo1.png */; };
		3175C7D721281D3B00FADB45 /* photo2.png in Resources */ = {isa = PBXBuildFile; fileRef = 3175C7D621281D3B00FADB45 /* photo2.png */; };
		3175C7D921281D5000FADB45 /* photo3.png in Resources */ = {isa = PBXBuildFile; fileRef = 3175C7D821281D5000FADB45 /* photo3.png */; };
		3175C7DB21281D6700FADB45 /* photo4.png in Resources */ = {isa = PBXBuildFile; fileRef = 3175C7DA21281D6600FADB45 /* photo4.png */; };
		3175C7DD21281D7300FADB45 /* photo5.jpg in Resources */ = {isa = PBXBuildFile; fileRef = 3175C7DC21281D7300FADB45 /* photo5.jpg */; };
		3175C7DF21281D8D00FADB45 /* photo6.jpg in Resources */ = {isa = PBXBuildFile; fileRef = 3175C7DE21281D8D00FADB45 /* photo6.jpg */; };
/* End PBXBuildFile section */

/* Begin PBXFileReference section */
		3175C7BD2128057500FADB45 /* SlideshowApp.app */ = {isa = PBXFileReference; explicitFileType = wrapper.application; includeInIndex = 0; path = SlideshowApp.app; sourceTree = BUILT_PRODUCTS_DIR; };
		3175C7C02128057500FADB45 /* AppDelegate.swift */ = {isa = PBXFileReference; lastKnownFileType = sourcecode.swift; path = AppDelegate.swift; sourceTree = "<group>"; };
		3175C7C22128057500FADB45 /* ViewController.swift */ = {isa = PBXFileReference; lastKnownFileType = sourcecode.swift; path = ViewController.swift; sourceTree = "<group>"; };
		3175C7C52128057500FADB45 /* Base */ = {isa = PBXFileReference; lastKnownFileType = file.storyboard; name = Base; path = Base.lproj/Main.storyboard; sourceTree = "<group>"; };
		3175C7C72128057500FADB45 /* Assets.xcassets */ = {isa = PBXFileReference; lastKnownFileType = folder.assetcatalog; path = Assets.xcassets; sourceTree = "<group>"; };
		3175C7CA2128057500FADB45 /* Base */ = {isa = PBXFileReference; lastKnownFileType = file.storyboard; name = Base; path = Base.lproj/LaunchScreen.storyboard; sourceTree = "<group>"; };
		3175C7CC2128057500FADB45 /* Info.plist */ = {isa = PBXFileReference; lastKnownFileType = text.plist.xml; path = Info.plist; sourceTree = "<group>"; };
		3175C7D2212805AF00FADB45 /* ViewControllerBigPhoto.swift */ = {isa = PBXFileReference; lastKnownFileType = sourcecode.swift; path = ViewControllerBigPhoto.swift; sourceTree = "<group>"; };
		3175C7D421281D1D00FADB45 /* photo1.png */ = {isa = PBXFileReference; lastKnownFileType = image.png; path = photo1.png; sourceTree = "<group>"; };
		3175C7D621281D3B00FADB45 /* photo2.png */ = {isa = PBXFileReference; lastKnownFileType = image.png; path = photo2.png; sourceTree = "<group>"; };
		3175C7D821281D5000FADB45 /* photo3.png */ = {isa = PBXFileReference; lastKnownFileType = image.png; path = photo3.png; sourceTree = "<group>"; };
		3175C7DA21281D6600FADB45 /* photo4.png */ = {isa = PBXFileReference; lastKnownFileType = image.png; path = photo4.png; sourceTree = "<group>"; };
		3175C7DC21281D7300FADB45 /* photo5.jpg */ = {isa = PBXFileReference; lastKnownFileType = image.jpeg; path = photo5.jpg; sourceTree = "<group>"; };
		3175C7DE21281D8D00FADB45 /* photo6.jpg */ = {isa = PBXFileReference; lastKnownFileType = image.jpeg; path = photo6.jpg; sourceTree = "<group>"; };
/* End PBXFileReference section */

/* Begin PBXFrameworksBuildPhase section */
		3175C7BA2128057500FADB45 /* Frameworks */ = {
			isa = PBXFrameworksBuildPhase;
			buildActionMask = 2147483647;
			files = (
			);
			runOnlyForDeploymentPostprocessing = 0;
		};
/* End PBXFrameworksBuildPhase section */

/* Begin PBXGroup section */
		3175C7B42128057500FADB45 = {
			isa = PBXGroup;
			children = (
				3175C7BF2128057500FADB45 /* SlideshowApp */,
				3175C7BE2128057500FADB45 /* Products */,
			);
			sourceTree = "<group>";
		};
		3175C7BE2128057500FADB45 /* Products */ = {
			isa = PBXGroup;
			children = (
				3175C7BD2128057500FADB45 /* SlideshowApp.app */,
			);
			name = Products;
			sourceTree = "<group>";
		};
		3175C7BF2128057500FADB45 /* SlideshowApp */ = {
			isa = PBXGroup;
			children = (
				3175C7C02128057500FADB45 /* AppDelegate.swift */,
				3175C7C22128057500FADB45 /* ViewController.swift */,
				3175C7D2212805AF00FADB45 /* ViewControllerBigPhoto.swift */,
				3175C7C42128057500FADB45 /* Main.storyboard */,
				3175C7D421281D1D00FADB45 /* photo1.png */,
				3175C7D621281D3B00FADB45 /* photo2.png */,
				3175C7D821281D5000FADB45 /* photo3.png */,
				3175C7DA21281D6600FADB45 /* photo4.png */,
				3175C7DC21281D7300FADB45 /* photo5.jpg */,
				3175C7DE21281D8D00FADB45 /* photo6.jpg */,
				3175C7C72128057500FADB45 /* Assets.xcassets */,
				3175C7C92128057500FADB45 /* LaunchScreen.storyboard */,
				3175C7CC2128057500FADB45 /* Info.plist */,
			);
			path = SlideshowApp;
			sourceTree = "<group>";
		};
/* End PBXGroup section */

/* Begin PBXNativeTarget section */
		3175C7BC2128057500FADB45 /* SlideshowApp */ = {
			isa = PBXNativeTarget;
			buildConfigurationList = 3175C7CF2128057500FADB45 /* Build configuration list for PBXNativeTarget "SlideshowApp" */;
			buildPhases = (
				3175C7B92128057500FADB45 /* Sources */,
				3175C7BA2128057500FADB45 /* Frameworks */,
				3175C7BB2128057500FADB45 /* Resources */,
			);
			buildRules = (
			);
			dependencies = (
			);
			name = SlideshowApp;
			productName = SlideshowApp;
			productReference = 3175C7BD2128057500FADB45 /* SlideshowApp.app */;
			productType = "com.apple.product-type.application";
		};
/* End PBXNativeTarget section */

/* Begin PBXProject section */
		3175C7B52128057500FADB45 /* Project object */ = {
			isa = PBXProject;
			attributes = {
				LastSwiftUpdateCheck = 0920;
				LastUpgradeCheck = 0920;
				ORGANIZATIONNAME = "高野翔";
				TargetAttributes = {
					3175C7BC2128057500FADB45 = {
						CreatedOnToolsVersion = 9.2;
						ProvisioningStyle = Automatic;
					};
				};
			};
			buildConfigurationList = 3175C7B82128057500FADB45 /* Build configuration list for PBXProject "SlideshowApp" */;
			compatibilityVersion = "Xcode 8.0";
			developmentRegion = en;
			hasScannedForEncodings = 0;
			knownRegions = (
				en,
				Base,
			);
			mainGroup = 3175C7B42128057500FADB45;
			productRefGroup = 3175C7BE2128057500FADB45 /* Products */;
			projectDirPath = "";
			projectRoot = "";
			targets = (
				3175C7BC2128057500FADB45 /* SlideshowApp */,
			);
		};
/* End PBXProject section */

/* Begin PBXResourcesBuildPhase section */
		3175C7BB2128057500FADB45 /* Resources */ = {
			isa = PBXResourcesBuildPhase;
			buildActionMask = 2147483647;
			files = (
				3175C7DF21281D8D00FADB45 /* photo6.jpg in Resources */,
				3175C7DD21281D7300FADB45 /* photo5.jpg in Resources */,
				3175C7DB21281D6700FADB45 /* photo4.png in Resources */,
				3175C7D721281D3B00FADB45 /* photo2.png in Resources */,
				3175C7D521281D1E00FADB45 /* photo1.png in Resources */,
				3175C7CB2128057500FADB45 /* LaunchScreen.storyboard in Resources */,
				3175C7C82128057500FADB45 /* Assets.xcassets in Resources */,
				3175C7D921281D5000FADB45 /* photo3.png in Resources */,
				3175C7C62128057500FADB45 /* Main.storyboard in Resources */,
			);
			runOnlyForDeploymentPostprocessing = 0;
		};
/* End PBXResourcesBuildPhase section */

/* Begin PBXSourcesBuildPhase section */
		3175C7B92128057500FADB45 /* Sources */ = {
			isa = PBXSourcesBuildPhase;
			buildActionMask = 2147483647;
			files = (
				3175C7C32128057500FADB45 /* ViewController.swift in Sources */,
				3175C7C12128057500FADB45 /* AppDelegate.swift in Sources */,
				3175C7D3212805AF00FADB45 /* ViewControllerBigPhoto.swift in Sources */,
			);
			runOnlyForDeploymentPostprocessing = 0;
		};
/* End PBXSourcesBuildPhase section */

/* Begin PBXVariantGroup section */
		3175C7C42128057500FADB45 /* Main.storyboard */ = {
			isa = PBXVariantGroup;
			children = (
				3175C7C52128057500FADB45 /* Base */,
			);
			name = Main.storyboard;
			sourceTree = "<group>";
		};
		3175C7C92128057500FADB45 /* LaunchScreen.storyboard */ = {
			isa = PBXVariantGroup;
			children = (
				3175C7CA2128057500FADB45 /* Base */,
			);
			name = LaunchScreen.storyboard;
			sourceTree = "<group>";
		};
/* End PBXVariantGroup section */

/* Begin XCBuildConfiguration section */
		3175C7CD2128057500FADB45 /* Debug */ = {
			isa = XCBuildConfiguration;
			buildSettings = {
				ALWAYS_SEARCH_USER_PATHS = NO;
				CLANG_ANALYZER_NONNULL = YES;
				CLANG_ANALYZER_NUMBER_OBJECT_CONVERSION = YES_AGGRESSIVE;
				CLANG_CXX_LANGUAGE_STANDARD = "gnu++14";
				CLANG_CXX_LIBRARY = "libc++";
				CLANG_ENABLE_MODULES = YES;
				CLANG_ENABLE_OBJC_ARC = YES;
				CLANG_WARN_BLOCK_CAPTURE_AUTORELEASING = YES;
				CLANG_WARN_BOOL_CONVERSION = YES;
				CLANG_WARN_COMMA = YES;
				CLANG_WARN_CONSTANT_CONVERSION = YES;
				CLANG_WARN_DIRECT_OBJC_ISA_USAGE = YES_ERROR;
				CLANG_WARN_DOCUMENTATION_COMMENTS = YES;
				CLANG_WARN_EMPTY_BODY = YES;
				CLANG_WARN_ENUM_CONVERSION = YES;
				CLANG_WARN_INFINITE_RECURSION = YES;
				CLANG_WARN_INT_CONVERSION = YES;
				CLANG_WARN_NON_LITERAL_NULL_CONVERSION = YES;
				CLANG_WARN_OBJC_LITERAL_CONVERSION = YES;
				CLANG_WARN_OBJC_ROOT_CLASS = YES_ERROR;
				CLANG_WARN_RANGE_LOOP_ANALYSIS = YES;
				CLANG_WARN_STRICT_PROTOTYPES = YES;
				CLANG_WARN_SUSPICIOUS_MOVE = YES;
				CLANG_WARN_UNGUARDED_AVAILABILITY = YES_AGGRESSIVE;
				CLANG_WARN_UNREACHABLE_CODE = YES;
				CLANG_WARN__DUPLICATE_METHOD_MATCH = YES;
				CODE_SIGN_IDENTITY = "iPhone Developer";
				COPY_PHASE_STRIP = NO;
				DEBUG_INFORMATION_FORMAT = dwarf;
				ENABLE_STRICT_OBJC_MSGSEND = YES;
				ENABLE_TESTABILITY = YES;
				GCC_C_LANGUAGE_STANDARD = gnu11;
				GCC_DYNAMIC_NO_PIC = NO;
				GCC_NO_COMMON_BLOCKS = YES;
				GCC_OPTIMIZATION_LEVEL = 0;
				GCC_PREPROCESSOR_DEFINITIONS = (
					"DEBUG=1",
					"$(inherited)",
				);
				GCC_WARN_64_TO_32_BIT_CONVERSION = YES;
				GCC_WARN_ABOUT_RETURN_TYPE = YES_ERROR;
				GCC_WARN_UNDECLARED_SELECTOR = YES;
				GCC_WARN_UNINITIALIZED_AUTOS = YES_AGGRESSIVE;
				GCC_WARN_UNUSED_FUNCTION = YES;
				GCC_WARN_UNUSED_VARIABLE = YES;
				IPHONEOS_DEPLOYMENT_TARGET = 11.2;
				MTL_ENABLE_DEBUG_INFO = YES;
				ONLY_ACTIVE_ARCH = YES;
				SDKROOT = iphoneos;
				SWIFT_ACTIVE_COMPILATION_CONDITIONS = DEBUG;
				SWIFT_OPTIMIZATION_LEVEL = "-Onone";
			};
			name = Debug;
		};
		3175C7CE2128057500FADB45 /* Release */ = {
			isa = XCBuildConfiguration;
			buildSettings = {
				ALWAYS_SEARCH_USER_PATHS = NO;
				CLANG_ANALYZER_NONNULL = YES;
				CLANG_ANALYZER_NUMBER_OBJECT_CONVERSION = YES_AGGRESSIVE;
				CLANG_CXX_LANGUAGE_STANDARD = "gnu++14";
				CLANG_CXX_LIBRARY = "libc++";
				CLANG_ENABLE_MODULES = YES;
				CLANG_ENABLE_OBJC_ARC = YES;
				CLANG_WARN_BLOCK_CAPTURE_AUTORELEASING = YES;
				CLANG_WARN_BOOL_CONVERSION = YES;
				CLANG_WARN_COMMA = YES;
				CLANG_WARN_CONSTANT_CONVERSION = YES;
				CLANG_WARN_DIRECT_OBJC_ISA_USAGE = YES_ERROR;
				CLANG_WARN_DOCUMENTATION_COMMENTS = YES;
				CLANG_WARN_EMPTY_BODY = YES;
				CLANG_WARN_ENUM_CONVERSION = YES;
				CLANG_WARN_INFINITE_RECURSION = YES;
				CLANG_WARN_INT_CONVERSION = YES;
				CLANG_WARN_NON_LITERAL_NULL_CONVERSION = YES;
				CLANG_WARN_OBJC_LITERAL_CONVERSION = YES;
				CLANG_WARN_OBJC_ROOT_CLASS = YES_ERROR;
				CLANG_WARN_RANGE_LOOP_ANALYSIS = YES;
				CLANG_WARN_STRICT_PROTOTYPES = YES;
				CLANG_WARN_SUSPICIOUS_MOVE = YES;
				CLANG_WARN_UNGUARDED_AVAILABILITY = YES_AGGRESSIVE;
				CLANG_WARN_UNREACHABLE_CODE = YES;
				CLANG_WARN__DUPLICATE_METHOD_MATCH = YES;
				CODE_SIGN_IDENTITY = "iPhone Developer";
				COPY_PHASE_STRIP = NO;
				DEBUG_INFORMATION_FORMAT = "dwarf-with-dsym";
				ENABLE_NS_ASSERTIONS = NO;
				ENABLE_STRICT_OBJC_MSGSEND = YES;
				GCC_C_LANGUAGE_STANDARD = gnu11;
				GCC_NO_COMMON_BLOCKS = YES;
				GCC_WARN_64_TO_32_BIT_CONVERSION = YES;
				GCC_WARN_ABOUT_RETURN_TYPE = YES_ERROR;
				GCC_WARN_UNDECLARED_SELECTOR = YES;
				GCC_WARN_UNINITIALIZED_AUTOS = YES_AGGRESSIVE;
				GCC_WARN_UNUSED_FUNCTION = YES;
				GCC_WARN_UNUSED_VARIABLE = YES;
				IPHONEOS_DEPLOYMENT_TARGET = 11.2;
				MTL_ENABLE_DEBUG_INFO = NO;
				SDKROOT = iphoneos;
				SWIFT_OPTIMIZATION_LEVEL = "-Owholemodule";
				VALIDATE_PRODUCT = YES;
			};
			name = Release;
		};
		3175C7D02128057500FADB45 /* Debug */ = {
			isa = XCBuildConfiguration;
			buildSettings = {
				ASSETCATALOG_COMPILER_APPICON_NAME = AppIcon;
				CODE_SIGN_STYLE = Automatic;
				DEVELOPMENT_TEAM = 75X3T7895K;
				INFOPLIST_FILE = SlideshowApp/Info.plist;
				LD_RUNPATH_SEARCH_PATHS = "$(inherited) @executable_path/Frameworks";
				PRODUCT_BUNDLE_IDENTIFIER = ST.SlideshowApp;
				PRODUCT_NAME = "$(TARGET_NAME)";
				SWIFT_VERSION = 4.0;
				TARGETED_DEVICE_FAMILY = "1,2";
			};
			name = Debug;
		};
		3175C7D12128057500FADB45 /* Release */ = {
			isa = XCBuildConfiguration;
			buildSettings = {
				ASSETCATALOG_COMPILER_APPICON_NAME = AppIcon;
				CODE_SIGN_STYLE = Automatic;
				DEVELOPMENT_TEAM = 75X3T7895K;
				INFOPLIST_FILE = SlideshowApp/Info.plist;
				LD_RUNPATH_SEARCH_PATHS = "$(inherited) @executable_path/Frameworks";
				PRODUCT_BUNDLE_IDENTIFIER = ST.SlideshowApp;
				PRODUCT_NAME = "$(TARGET_NAME)";
				SWIFT_VERSION = 4.0;
				TARGETED_DEVICE_FAMILY = "1,2";
			};
			name = Release;
		};
/* End XCBuildConfiguration section */

/* Begin XCConfigurationList section */
		3175C7B82128057500FADB45 /* Build configuration list for PBXProject "SlideshowApp" */ = {
			isa = XCConfigurationList;
			buildConfigurations = (
				3175C7CD2128057500FADB45 /* Debug */,
				3175C7CE2128057500FADB45 /* Release */,
			);
			defaultConfigurationIsVisible = 0;
			defaultConfigurationName = Release;
		};
		3175C7CF2128057500FADB45 /* Build configuration list for PBXNativeTarget "SlideshowApp" */ = {
			isa = XCConfigurationList;
			buildConfigurations = (
				3175C7D02128057500FADB45 /* Debug */,
				3175C7D12128057500FADB45 /* Release */,
			);
			defaultConfigurationIsVisible = 0;
			defaultConfigurationName = Release;
		};
/* End XCConfigurationList section */
	};
	rootObject = 3175C7B52128057500FADB45 /* Project object */;
}
